
Microsoft Visual Studio Solution File, Format Version 12.00
# Visual Studio Version 16
VisualStudioVersion = 16.0.29403.142
MinimumVisualStudioVersion = 10.0.40219.1
Project("{9A19103F-16F7-4668-BE54-9A1E7A4F7556}") = "Polly.Caching.Distributed", "Polly.Caching.Distributed\Polly.Caching.Distributed.csproj", "{78D2B68F-131C-43DD-820B-D761C30AB2CD}"
EndProject
Project("{9A19103F-16F7-4668-BE54-9A1E7A4F7556}") = "Polly.Caching.Distributed.Specs", "Polly.Caching.Distributed.Specs\Polly.Caching.Distributed.Specs.csproj", "{732E300F-20CD-4F1F-A07B-2A5FA17F9789}"
EndProject
Global
	GlobalSection(SolutionConfigurationPlatforms) = preSolution
		Debug|Any CPU = Debug|Any CPU
		Release|Any CPU = Release|Any CPU
	EndGlobalSection
	GlobalSection(ProjectConfigurationPlatforms) = postSolution
		{78D2B68F-131C-43DD-820B-D761C30AB2CD}.Debug|Any CPU.ActiveCfg = Debug|Any CPU
		{78D2B68F-131C-43DD-820B-D761C30AB2CD}.Debug|Any CPU.Build.0 = Debug|Any CPU
		{78D2B68F-131C-43DD-820B-D761C30AB2CD}.Release|Any CPU.ActiveCfg = Release|Any CPU
		{78D2B68F-131C-43DD-820B-D761C30AB2CD}.Release|Any CPU.Build.0 = Release|Any CPU
		{732E300F-20CD-4F1F-A07B-2A5FA17F9789}.Debug|Any CPU.ActiveCfg = Debug|Any CPU
		{732E300F-20CD-4F1F-A07B-2A5FA17F9789}.Debug|Any CPU.Build.0 = Debug|Any CPU
		{732E300F-20CD-4F1F-A07B-2A5FA17F9789}.Release|Any CPU.ActiveCfg = Release|Any CPU
		{732E300F-20CD-4F1F-A07B-2A5FA17F9789}.Release|Any CPU.Build.0 = Release|Any CPU
	EndGlobalSection
	GlobalSection(SolutionProperties) = preSolution
		HideSolutionNode = FALSE
	EndGlobalSection
	GlobalSection(ExtensibilityGlobals) = postSolution
		SolutionGuid = {B79F0C1F-1732-4033-8D25-C26DAD98B10D}
	EndGlobalSection
EndGlobal
